
Microsoft Visual Studio Solution File, Format Version 12.00
# Visual Studio Express 2013 for Windows Desktop
VisualStudioVersion = 12.0.21005.1
MinimumVisualStudioVersion = 10.0.40219.1
Project("{8BC9CEB8-8B4A-11D0-8D11-00A0C91BC942}") = "socket_tests", "socket_tests\socket_tests.vcxproj", "{1900B3CB-56CD-4251-A427-9182F31D4BDE}"
EndProject
Project("{8BC9CEB8-8B4A-11D0-8D11-00A0C91BC942}") = "socket_wbox_tests", "socket_wbox_tests\socket_wbox_tests.vcxproj", "{FC09BD7A-6E31-40C9-A268-6A2E5EAE23F6}"
EndProject
Project("{8BC9CEB8-8B4A-11D0-8D11-00A0C91BC942}") = "socket_test_utils_tests", "socket_test_utils_tests\socket_test_utils_tests.vcxproj", "{B25FC1FF-CA02-4B1D-8DC1-83075E2C2E8A}"
EndProject
Project("{8BC9CEB8-8B4A-11D0-8D11-00A0C91BC942}") = "sockets_comm_tests_client", "sockets_comm_tests_client\sockets_comm_tests_client.vcxproj", "{0E49E1FF-74A1-42A1-BAB3-9E9EF9174727}"
EndProject
Project("{8BC9CEB8-8B4A-11D0-8D11-00A0C91BC942}") = "sockets_comm_tests_server", "sockets_comm_tests_server\sockets_comm_tests_server.vcxproj", "{47E01D35-AE20-486F-826D-B73B47A76707}"
EndProject
Global
	GlobalSection(SolutionConfigurationPlatforms) = preSolution
		Debug|Win32 = Debug|Win32
		Release|Win32 = Release|Win32
	EndGlobalSection
	GlobalSection(ProjectConfigurationPlatforms) = postSolution
		{1900B3CB-56CD-4251-A427-9182F31D4BDE}.Debug|Win32.ActiveCfg = Debug|Win32
		{1900B3CB-56CD-4251-A427-9182F31D4BDE}.Debug|Win32.Build.0 = Debug|Win32
		{1900B3CB-56CD-4251-A427-9182F31D4BDE}.Release|Win32.ActiveCfg = Release|Win32
		{1900B3CB-56CD-4251-A427-9182F31D4BDE}.Release|Win32.Build.0 = Release|Win32
		{FC09BD7A-6E31-40C9-A268-6A2E5EAE23F6}.Debug|Win32.ActiveCfg = Debug|Win32
		{FC09BD7A-6E31-40C9-A268-6A2E5EAE23F6}.Debug|Win32.Build.0 = Debug|Win32
		{FC09BD7A-6E31-40C9-A268-6A2E5EAE23F6}.Release|Win32.ActiveCfg = Release|Win32
		{FC09BD7A-6E31-40C9-A268-6A2E5EAE23F6}.Release|Win32.Build.0 = Release|Win32
		{B25FC1FF-CA02-4B1D-8DC1-83075E2C2E8A}.Debug|Win32.ActiveCfg = Debug|Win32
		{B25FC1FF-CA02-4B1D-8DC1-83075E2C2E8A}.Debug|Win32.Build.0 = Debug|Win32
		{B25FC1FF-CA02-4B1D-8DC1-83075E2C2E8A}.Release|Win32.ActiveCfg = Release|Win32
		{B25FC1FF-CA02-4B1D-8DC1-83075E2C2E8A}.Release|Win32.Build.0 = Release|Win32
		{0E49E1FF-74A1-42A1-BAB3-9E9EF9174727}.Debug|Win32.ActiveCfg = Debug|Win32
		{0E49E1FF-74A1-42A1-BAB3-9E9EF9174727}.Debug|Win32.Build.0 = Debug|Win32
		{0E49E1FF-74A1-42A1-BAB3-9E9EF9174727}.Release|Win32.ActiveCfg = Release|Win32
		{0E49E1FF-74A1-42A1-BAB3-9E9EF9174727}.Release|Win32.Build.0 = Release|Win32
		{47E01D35-AE20-486F-826D-B73B47A76707}.Debug|Win32.ActiveCfg = Debug|Win32
		{47E01D35-AE20-486F-826D-B73B47A76707}.Debug|Win32.Build.0 = Debug|Win32
		{47E01D35-AE20-486F-826D-B73B47A76707}.Release|Win32.ActiveCfg = Release|Win32
		{47E01D35-AE20-486F-826D-B73B47A76707}.Release|Win32.Build.0 = Release|Win32
	EndGlobalSection
	GlobalSection(SolutionProperties) = preSolution
		HideSolutionNode = FALSE
	EndGlobalSection
EndGlobal
